
Microsoft Visual Studio Solution File, Format Version 12.00
# Visual Studio 15
VisualStudioVersion = 15.0.27703.2035
MinimumVisualStudioVersion = 10.0.40219.1
Project("{FAE04EC0-301F-11D3-BF4B-00C04F79EFBC}") = "DoMeAFavor.DataService", "DoMeAFavor.DataService\DoMeAFavor.DataService.csproj", "{51FBB57A-9A6F-4C89-B775-2D0E0BB5152C}"
EndProject
Global
	GlobalSection(SolutionConfigurationPlatforms) = preSolution
		Debug|Any CPU = Debug|Any CPU
		Release|Any CPU = Release|Any CPU
	EndGlobalSection
	GlobalSection(ProjectConfigurationPlatforms) = postSolution
		{51FBB57A-9A6F-4C89-B775-2D0E0BB5152C}.Debug|Any CPU.ActiveCfg = Debug|Any CPU
		{51FBB57A-9A6F-4C89-B775-2D0E0BB5152C}.Debug|Any CPU.Build.0 = Debug|Any CPU
		{51FBB57A-9A6F-4C89-B775-2D0E0BB5152C}.Release|Any CPU.ActiveCfg = Release|Any CPU
		{51FBB57A-9A6F-4C89-B775-2D0E0BB5152C}.Release|Any CPU.Build.0 = Release|Any CPU
	EndGlobalSection
	GlobalSection(SolutionProperties) = preSolution
		HideSolutionNode = FALSE
	EndGlobalSection
	GlobalSection(ExtensibilityGlobals) = postSolution
		SolutionGuid = {15054032-4326-4A8D-BC2A-93343042A8D3}
	EndGlobalSection
EndGlobal
